#MicroXplorer Configuration settings - do not modify
CORTEX_M7.CPU_DCache=Disabled
CORTEX_M7.CPU_ICache=Disabled
CORTEX_M7.Enable-Cortex_Memory_Protection_Unit_Region0_Settings=MPU_REGION_ENABLE
CORTEX_M7.IPParameters=CPU_ICache,CPU_DCache,MPU_Control,Enable-Cortex_Memory_Protection_Unit_Region0_Settings
CORTEX_M7.MPU_Control=__NULL
File.Version=6
I2C4.I2C_Speed_Mode=I2C_Fast
I2C4.IPParameters=Timing,I2C_Speed_Mode
I2C4.Timing=0x00B03FDB
KeepUserPlacement=false
LTDC.ActiveH=272
LTDC.ActiveW=480
LTDC.Alpha0_L0=255
LTDC.Alpha_L0=255
LTDC.Blue_L0=255
LTDC.HBP=40
LTDC.HFP=5
LTDC.HSync=6
LTDC.IPParameters=ActiveW,ActiveH,HBP,HFP,HSync,VBP,VFP,WindowX1_L0,WindowY1_L0,ImageWidth_L0,ImageHeight_L0,Alpha_L0,Alpha0_L0,PixelFormat_L0,Blue_L0,Layers,VSync
LTDC.ImageHeight_L0=270
LTDC.ImageWidth_L0=480
LTDC.Layers=0
LTDC.PixelFormat_L0=LTDC_PIXEL_FORMAT_L8
LTDC.VBP=4
LTDC.VFP=8
LTDC.VSync=4
LTDC.WindowX1_L0=480
LTDC.WindowY1_L0=272
Mcu.Family=STM32H7
Mcu.IP0=CORTEX_M7
Mcu.IP1=I2C4
Mcu.IP2=LTDC
Mcu.IP3=NVIC
Mcu.IP4=RCC
Mcu.IP5=SYS
Mcu.IPNb=6
Mcu.Name=STM32H743ZITx
Mcu.Package=LQFP144
Mcu.Pin0=PE4
Mcu.Pin1=PE5
Mcu.Pin10=PA5
Mcu.Pin11=PA6
Mcu.Pin12=PB0
Mcu.Pin13=PB1
Mcu.Pin14=PF14
Mcu.Pin15=PF15
Mcu.Pin16=PE11
Mcu.Pin17=PE12
Mcu.Pin18=PE14
Mcu.Pin19=PE15
Mcu.Pin2=PE6
Mcu.Pin20=PB10
Mcu.Pin21=PB11
Mcu.Pin22=PD10
Mcu.Pin23=PG8
Mcu.Pin24=PC6
Mcu.Pin25=PC7
Mcu.Pin26=PA10
Mcu.Pin27=PD6
Mcu.Pin28=PG13
Mcu.Pin29=PB8
Mcu.Pin3=PC13
Mcu.Pin30=PB9
Mcu.Pin31=VP_SYS_VS_Systick
Mcu.Pin4=PF10
Mcu.Pin5=PC0
Mcu.Pin6=PA1
Mcu.Pin7=PA2
Mcu.Pin8=PA3
Mcu.Pin9=PA4
Mcu.PinsNb=32
Mcu.ThirdPartyNb=0
Mcu.UserConstants=
Mcu.UserName=STM32H743ZITx
MxCube.Version=5.3.0
MxDb.Version=DB.5.0.30
NVIC.BusFault_IRQn=true\:0\:0\:false\:false\:true\:false\:false
NVIC.DebugMonitor_IRQn=true\:0\:0\:false\:false\:true\:false\:false
NVIC.ForceEnableDMAVector=true
NVIC.HardFault_IRQn=true\:0\:0\:false\:false\:true\:false\:false
NVIC.LTDC_ER_IRQn=true\:0\:0\:false\:false\:true\:true\:true
NVIC.LTDC_IRQn=true\:0\:0\:false\:false\:true\:true\:true
NVIC.MemoryManagement_IRQn=true\:0\:0\:false\:false\:true\:false\:false
NVIC.NonMaskableInt_IRQn=true\:0\:0\:false\:false\:true\:false\:false
NVIC.PendSV_IRQn=true\:0\:0\:false\:false\:true\:false\:false
NVIC.PriorityGroup=NVIC_PRIORITYGROUP_4
NVIC.SVCall_IRQn=true\:0\:0\:false\:false\:true\:false\:false
NVIC.SysTick_IRQn=true\:0\:0\:false\:false\:true\:false\:true
NVIC.UsageFault_IRQn=true\:0\:0\:false\:false\:true\:false\:false
PA1.Mode=RGB888
PA1.Signal=LTDC_R2
PA10.Mode=RGB888
PA10.Signal=LTDC_B1
PA2.Mode=RGB888
PA2.Signal=LTDC_R1
PA3.GPIOParameters=GPIO_Speed,GPIO_PuPd,GPIO_Mode
PA3.GPIO_Mode=GPIO_MODE_AF_PP
PA3.GPIO_PuPd=GPIO_NOPULL
PA3.GPIO_Speed=GPIO_SPEED_FREQ_VERY_HIGH
PA3.Mode=RGB888
PA3.Signal=LTDC_B5
PA4.GPIOParameters=GPIO_Speed,GPIO_PuPd,GPIO_Mode
PA4.GPIO_Mode=GPIO_MODE_AF_PP
PA4.GPIO_PuPd=GPIO_NOPULL
PA4.GPIO_Speed=GPIO_SPEED_FREQ_VERY_HIGH
PA4.Mode=RGB888
PA4.Signal=LTDC_VSYNC
PA5.GPIOParameters=GPIO_Speed,GPIO_PuPd,GPIO_Mode
PA5.GPIO_Mode=GPIO_MODE_AF_PP
PA5.GPIO_PuPd=GPIO_NOPULL
PA5.GPIO_Speed=GPIO_SPEED_FREQ_VERY_HIGH
PA5.Mode=RGB888
PA5.Signal=LTDC_R4
PA6.GPIOParameters=GPIO_Speed,GPIO_PuPd,GPIO_Mode
PA6.GPIO_Mode=GPIO_MODE_AF_PP
PA6.GPIO_PuPd=GPIO_NOPULL
PA6.GPIO_Speed=GPIO_SPEED_FREQ_VERY_HIGH
PA6.Mode=RGB888
PA6.Signal=LTDC_G2
PB0.GPIOParameters=GPIO_Speed,GPIO_PuPd,GPIO_Mode
PB0.GPIO_Mode=GPIO_MODE_AF_PP
PB0.GPIO_PuPd=GPIO_NOPULL
PB0.GPIO_Speed=GPIO_SPEED_FREQ_VERY_HIGH
PB0.Mode=RGB888
PB0.Signal=LTDC_R3
PB1.GPIOParameters=GPIO_Speed,GPIO_PuPd,GPIO_Mode
PB1.GPIO_Mode=GPIO_MODE_AF_PP
PB1.GPIO_PuPd=GPIO_NOPULL
PB1.GPIO_Speed=GPIO_SPEED_FREQ_VERY_HIGH
PB1.Mode=RGB888
PB1.Signal=LTDC_R6
PB10.GPIOParameters=GPIO_Speed,GPIO_PuPd,GPIO_Mode
PB10.GPIO_Mode=GPIO_MODE_AF_PP
PB10.GPIO_PuPd=GPIO_NOPULL
PB10.GPIO_Speed=GPIO_SPEED_FREQ_VERY_HIGH
PB10.Mode=RGB888
PB10.Signal=LTDC_G4
PB11.GPIOParameters=GPIO_Speed,GPIO_PuPd,GPIO_Mode
PB11.GPIO_Mode=GPIO_MODE_AF_PP
PB11.GPIO_PuPd=GPIO_NOPULL
PB11.GPIO_Speed=GPIO_SPEED_FREQ_VERY_HIGH
PB11.Mode=RGB888
PB11.Signal=LTDC_G5
PB8.GPIOParameters=GPIO_Speed,GPIO_PuPd,GPIO_FM8,GPIO_Mode
PB8.GPIO_FM8=SYSCFG_PMCR_I2C_PB8_FMP
PB8.GPIO_Mode=GPIO_MODE_AF_PP
PB8.GPIO_PuPd=GPIO_NOPULL
PB8.GPIO_Speed=GPIO_SPEED_FREQ_VERY_HIGH
PB8.Mode=RGB888
PB8.Signal=LTDC_B6
PB9.GPIOParameters=GPIO_Speed,GPIO_PuPd,GPIO_Mode,GPIO_FM9
PB9.GPIO_FM9=SYSCFG_PMCR_I2C_PB9_FMP
PB9.GPIO_Mode=GPIO_MODE_AF_PP
PB9.GPIO_PuPd=GPIO_NOPULL
PB9.GPIO_Speed=GPIO_SPEED_FREQ_VERY_HIGH
PB9.Mode=RGB888
PB9.Signal=LTDC_B7
PC0.GPIOParameters=GPIO_Speed,GPIO_PuPd,GPIO_Mode
PC0.GPIO_Mode=GPIO_MODE_AF_PP
PC0.GPIO_PuPd=GPIO_NOPULL
PC0.GPIO_Speed=GPIO_SPEED_FREQ_VERY_HIGH
PC0.Mode=RGB888
PC0.Signal=LTDC_R5
PC13.Locked=true
PC13.Signal=GPIO_Input
PC6.GPIOParameters=GPIO_Speed,GPIO_PuPd,GPIO_Mode
PC6.GPIO_Mode=GPIO_MODE_AF_PP
PC6.GPIO_PuPd=GPIO_NOPULL
PC6.GPIO_Speed=GPIO_SPEED_FREQ_VERY_HIGH
PC6.Mode=RGB888
PC6.Signal=LTDC_HSYNC
PC7.GPIOParameters=GPIO_Speed,GPIO_PuPd,GPIO_Mode
PC7.GPIO_Mode=GPIO_MODE_AF_PP
PC7.GPIO_PuPd=GPIO_NOPULL
PC7.GPIO_Speed=GPIO_SPEED_FREQ_VERY_HIGH
PC7.Mode=RGB888
PC7.Signal=LTDC_G6
PCC.Checker=true
PCC.Line=STM32H743/753
PCC.MCU=STM32H743ZITx
PCC.PartNumber=STM32H743ZITx
PCC.Seq0=0
PCC.Series=STM32H7
PCC.Temperature=25
PCC.Vdd=3.0
PD10.GPIOParameters=GPIO_Speed,GPIO_PuPd,GPIO_Mode
PD10.GPIO_Mode=GPIO_MODE_AF_PP
PD10.GPIO_PuPd=GPIO_NOPULL
PD10.GPIO_Speed=GPIO_SPEED_FREQ_VERY_HIGH
PD10.Mode=RGB888
PD10.Signal=LTDC_B3
PD6.Mode=RGB888
PD6.Signal=LTDC_B2
PE11.GPIOParameters=GPIO_Speed,GPIO_PuPd,GPIO_Mode
PE11.GPIO_Mode=GPIO_MODE_AF_PP
PE11.GPIO_PuPd=GPIO_NOPULL
PE11.GPIO_Speed=GPIO_SPEED_FREQ_VERY_HIGH
PE11.Mode=RGB888
PE11.Signal=LTDC_G3
PE12.GPIOParameters=GPIO_Speed,GPIO_PuPd,GPIO_Mode
PE12.GPIO_Mode=GPIO_MODE_AF_PP
PE12.GPIO_PuPd=GPIO_NOPULL
PE12.GPIO_Speed=GPIO_SPEED_FREQ_VERY_HIGH
PE12.Mode=RGB888
PE12.Signal=LTDC_B4
PE14.GPIOParameters=GPIO_Speed,GPIO_PuPd,GPIO_Mode
PE14.GPIO_Mode=GPIO_MODE_AF_PP
PE14.GPIO_PuPd=GPIO_NOPULL
PE14.GPIO_Speed=GPIO_SPEED_FREQ_VERY_HIGH
PE14.Mode=RGB888
PE14.Signal=LTDC_CLK
PE15.GPIOParameters=GPIO_Speed,GPIO_PuPd,GPIO_Mode
PE15.GPIO_Mode=GPIO_MODE_AF_PP
PE15.GPIO_PuPd=GPIO_NOPULL
PE15.GPIO_Speed=GPIO_SPEED_FREQ_VERY_HIGH
PE15.Mode=RGB888
PE15.Signal=LTDC_R7
PE4.Mode=RGB888
PE4.Signal=LTDC_B0
PE5.Mode=RGB888
PE5.Signal=LTDC_G0
PE6.Mode=RGB888
PE6.Signal=LTDC_G1
PF10.GPIOParameters=GPIO_Speed,GPIO_PuPd,GPIO_Mode
PF10.GPIO_Mode=GPIO_MODE_AF_PP
PF10.GPIO_PuPd=GPIO_NOPULL
PF10.GPIO_Speed=GPIO_SPEED_FREQ_VERY_HIGH
PF10.Mode=RGB888
PF10.Signal=LTDC_DE
PF14.Mode=I2C
PF14.Signal=I2C4_SCL
PF15.Mode=I2C
PF15.Signal=I2C4_SDA
PG13.Mode=RGB888
PG13.Signal=LTDC_R0
PG8.GPIOParameters=GPIO_Speed,GPIO_PuPd,GPIO_Mode
PG8.GPIO_Mode=GPIO_MODE_AF_PP
PG8.GPIO_PuPd=GPIO_NOPULL
PG8.GPIO_Speed=GPIO_SPEED_FREQ_VERY_HIGH
PG8.Mode=RGB888
PG8.Signal=LTDC_G7
PinOutPanel.RotationAngle=0
ProjectManager.AskForMigrate=true
ProjectManager.BackupPrevious=false
ProjectManager.CompilerOptimize=6
ProjectManager.ComputerToolchain=false
ProjectManager.CoupleFile=false
ProjectManager.CustomerFirmwarePackage=
ProjectManager.DefaultFWLocation=true
ProjectManager.DeletePrevious=true
ProjectManager.DeviceId=STM32H743ZITx
ProjectManager.FirmwarePackage=STM32Cube FW_H7 V1.5.0
ProjectManager.FreePins=false
ProjectManager.HalAssertFull=false
ProjectManager.HeapSize=0x200
ProjectManager.KeepUserCode=true
ProjectManager.LastFirmware=true
ProjectManager.LibraryCopy=1
ProjectManager.MainLocation=Src
ProjectManager.NoMain=false
ProjectManager.PreviousToolchain=
ProjectManager.ProjectBuild=false
ProjectManager.ProjectFileName=new_test.ioc
ProjectManager.ProjectName=new_test
ProjectManager.StackSize=0x400
ProjectManager.TargetToolchain=STM32CubeIDE
ProjectManager.ToolChainLocation=
ProjectManager.UnderRoot=true
ProjectManager.functionlistsort=1-MX_GPIO_Init-GPIO-false-HAL-true,2-SystemClock_Config-RCC-false-HAL-false,3-MX_I2C1_Init-I2C1-false-HAL-true,3-MX_LTDC_Init-LTDC-false-HAL-true
RCC.ADCFreq_Value=129000000
RCC.AHB12Freq_Value=240000000
RCC.AHB4Freq_Value=240000000
RCC.APB1Freq_Value=120000000
RCC.APB2Freq_Value=120000000
RCC.APB3Freq_Value=120000000
RCC.APB4Freq_Value=120000000
RCC.AXIClockFreq_Value=240000000
RCC.CECFreq_Value=32000
RCC.CKPERFreq_Value=64000000
RCC.CortexFreq_Value=480000000
RCC.CpuClockFreq_Value=480000000
RCC.D1CPREFreq_Value=480000000
RCC.D1PPRE=RCC_APB3_DIV2
RCC.D2PPRE1=RCC_APB1_DIV2
RCC.D2PPRE2=RCC_APB2_DIV2
RCC.D3PPRE=RCC_APB4_DIV2
RCC.DFSDMACLkFreq_Value=480000000
RCC.DFSDMFreq_Value=120000000
RCC.DIVM1=4
RCC.DIVM3=1
RCC.DIVN1=60
RCC.DIVN3=4
RCC.DIVP1Freq_Value=480000000
RCC.DIVP2Freq_Value=129000000
RCC.DIVP3Freq_Value=138000000
RCC.DIVQ1Freq_Value=480000000
RCC.DIVQ2Freq_Value=129000000
RCC.DIVQ3Freq_Value=138000000
RCC.DIVR1Freq_Value=480000000
RCC.DIVR2Freq_Value=129000000
RCC.DIVR3=23
RCC.DIVR3Freq_Value=12000000
RCC.FDCANFreq_Value=480000000
RCC.FMCFreq_Value=240000000
RCC.FamilyName=M
RCC.HCLK3ClockFreq_Value=240000000
RCC.HCLKFreq_Value=240000000
RCC.HPRE=RCC_HCLK_DIV2
RCC.HRTIMFreq_Value=240000000
RCC.I2C123Freq_Value=120000000
RCC.I2C4Freq_Value=120000000
RCC.IPParameters=ADCFreq_Value,AHB12Freq_Value,AHB4Freq_Value,APB1Freq_Value,APB2Freq_Value,APB3Freq_Value,APB4Freq_Value,AXIClockFreq_Value,CECFreq_Value,CKPERFreq_Value,CortexFreq_Value,CpuClockFreq_Value,D1CPREFreq_Value,D1PPRE,D2PPRE1,D2PPRE2,D3PPRE,DFSDMACLkFreq_Value,DFSDMFreq_Value,DIVM1,DIVM3,DIVN1,DIVN3,DIVP1Freq_Value,DIVP2Freq_Value,DIVP3Freq_Value,DIVQ1Freq_Value,DIVQ2Freq_Value,DIVQ3Freq_Value,DIVR1Freq_Value,DIVR2Freq_Value,DIVR3,DIVR3Freq_Value,FDCANFreq_Value,FMCFreq_Value,FamilyName,HCLK3ClockFreq_Value,HCLKFreq_Value,HPRE,HRTIMFreq_Value,I2C123Freq_Value,I2C4Freq_Value,LPTIM1Freq_Value,LPTIM2Freq_Value,LPTIM345Freq_Value,LPUART1Freq_Value,LTDCFreq_Value,MCO1PinFreq_Value,MCO2PinFreq_Value,PLL3FRACN,PLLFRACN,QSPIFreq_Value,RNGFreq_Value,RTCFreq_Value,SAI1Freq_Value,SAI23Freq_Value,SAI4AFreq_Value,SAI4BFreq_Value,SDMMCFreq_Value,SPDIFRXFreq_Value,SPI123Freq_Value,SPI45Freq_Value,SPI6Freq_Value,SWPMI1Freq_Value,SYSCLKFreq_VALUE,SYSCLKSource,Tim1OutputFreq_Value,Tim2OutputFreq_Value,TraceFreq_Value,USART16Freq_Value,USART234578Freq_Value,USBFreq_Value,VCO1OutputFreq_Value,VCO2OutputFreq_Value,VCO3OutputFreq_Value,VCOInput1Freq_Value,VCOInput2Freq_Value,VCOInput3Freq_Value
RCC.LPTIM1Freq_Value=120000000
RCC.LPTIM2Freq_Value=120000000
RCC.LPTIM345Freq_Value=120000000
RCC.LPUART1Freq_Value=120000000
RCC.LTDCFreq_Value=12000000
RCC.MCO1PinFreq_Value=64000000
RCC.MCO2PinFreq_Value=480000000
RCC.PLL3FRACN=2560
RCC.PLLFRACN=0
RCC.QSPIFreq_Value=240000000
RCC.RNGFreq_Value=48000000
RCC.RTCFreq_Value=32000
RCC.SAI1Freq_Value=480000000
RCC.SAI23Freq_Value=480000000
RCC.SAI4AFreq_Value=480000000
RCC.SAI4BFreq_Value=480000000
RCC.SDMMCFreq_Value=480000000
RCC.SPDIFRXFreq_Value=480000000
RCC.SPI123Freq_Value=480000000
RCC.SPI45Freq_Value=120000000
RCC.SPI6Freq_Value=120000000
RCC.SWPMI1Freq_Value=120000000
RCC.SYSCLKFreq_VALUE=480000000
RCC.SYSCLKSource=RCC_SYSCLKSOURCE_PLLCLK
RCC.Tim1OutputFreq_Value=240000000
RCC.Tim2OutputFreq_Value=240000000
RCC.TraceFreq_Value=64000000
RCC.USART16Freq_Value=120000000
RCC.USART234578Freq_Value=120000000
RCC.USBFreq_Value=480000000
RCC.VCO1OutputFreq_Value=960000000
RCC.VCO2OutputFreq_Value=258000000
RCC.VCO3OutputFreq_Value=276000000
RCC.VCOInput1Freq_Value=16000000
RCC.VCOInput2Freq_Value=2000000
RCC.VCOInput3Freq_Value=64000000
VP_SYS_VS_Systick.Mode=SysTick
VP_SYS_VS_Systick.Signal=SYS_VS_Systick
board=custom
isbadioc=false
